
Microsoft Visual Studio Solution File, Format Version 12.00
# Visual Studio 15
VisualStudioVersion = 15.0.28307.1622
MinimumVisualStudioVersion = 10.0.40219.1
Project("{8BC9CEB8-8B4A-11D0-8D11-00A0C91BC942}") = "openxr-opengl-barebone", "openxr-opengl-barebone\openxr-opengl-barebone.vcxproj", "{9F0FD632-B40E-4271-8A7A-560BA5683A52}"
EndProject
Global
	GlobalSection(SolutionConfigurationPlatforms) = preSolution
		Debug|x64 = Debug|x64
		Debug|x86 = Debug|x86
		Release|x64 = Release|x64
		Release|x86 = Release|x86
	EndGlobalSection
	GlobalSection(ProjectConfigurationPlatforms) = postSolution
		{9F0FD632-B40E-4271-8A7A-560BA5683A52}.Debug|x64.ActiveCfg = Debug|x64
		{9F0FD632-B40E-4271-8A7A-560BA5683A52}.Debug|x64.Build.0 = Debug|x64
		{9F0FD632-B40E-4271-8A7A-560BA5683A52}.Debug|x86.ActiveCfg = Debug|Win32
		{9F0FD632-B40E-4271-8A7A-560BA5683A52}.Debug|x86.Build.0 = Debug|Win32
		{9F0FD632-B40E-4271-8A7A-560BA5683A52}.Release|x64.ActiveCfg = Release|x64
		{9F0FD632-B40E-4271-8A7A-560BA5683A52}.Release|x64.Build.0 = Release|x64
		{9F0FD632-B40E-4271-8A7A-560BA5683A52}.Release|x86.ActiveCfg = Release|Win32
		{9F0FD632-B40E-4271-8A7A-560BA5683A52}.Release|x86.Build.0 = Release|Win32
	EndGlobalSection
	GlobalSection(SolutionProperties) = preSolution
		HideSolutionNode = FALSE
	EndGlobalSection
	GlobalSection(ExtensibilityGlobals) = postSolution
		SolutionGuid = {BA927847-83F9-4B1E-A1A4-4ECFAF319CE0}
	EndGlobalSection
EndGlobal
